// !$*UTF8*$!
{
	archiveVersion = 1;
	classes = {
	};
	objectVersion = 77;
	objects = {

/* Begin PBXBuildFile section */
		60E1A2F42CE256850098C92E /* libsqlite3.tbd in Frameworks */ = {isa = PBXBuildFile; fileRef = 60E1A2F32CE256850098C92E /* libsqlite3.tbd */; };
/* End PBXBuildFile section */

/* Begin PBXContainerItemProxy section */
		60E1A2D52CE256620098C92E /* PBXContainerItemProxy */ = {
			isa = PBXContainerItemProxy;
			containerPortal = 60E1A2B62CE256600098C92E /* Project object */;
			proxyType = 1;
			remoteGlobalIDString = 60E1A2BD2CE256600098C92E;
			remoteInfo = ChildMonitoringApp;
		};
		60E1A2DF2CE256620098C92E /* PBXContainerItemProxy */ = {
			isa = PBXContainerItemProxy;
			containerPortal = 60E1A2B62CE256600098C92E /* Project object */;
			proxyType = 1;
			remoteGlobalIDString = 60E1A2BD2CE256600098C92E;
			remoteInfo = ChildMonitoringApp;
		};
/* End PBXContainerItemProxy section */

/* Begin PBXFileReference section */
		60E1A2BE2CE256600098C92E /* ChildMonitoringApp.app */ = {isa = PBXFileReference; explicitFileType = wrapper.application; includeInIndex = 0; path = ChildMonitoringApp.app; sourceTree = BUILT_PRODUCTS_DIR; };
		60E1A2D42CE256620098C92E /* ChildMonitoringAppTests.xctest */ = {isa = PBXFileReference; explicitFileType = wrapper.cfbundle; includeInIndex = 0; path = ChildMonitoringAppTests.xctest; sourceTree = BUILT_PRODUCTS_DIR; };
		60E1A2DE2CE256620098C92E /* ChildMonitoringAppUITests.xctest */ = {isa = PBXFileReference; explicitFileType = wrapper.cfbundle; includeInIndex = 0; path = ChildMonitoringAppUITests.xctest; sourceTree = BUILT_PRODUCTS_DIR; };
		60E1A2F32CE256850098C92E /* libsqlite3.tbd */ = {isa = PBXFileReference; lastKnownFileType = "sourcecode.text-based-dylib-definition"; name = libsqlite3.tbd; path = usr/lib/libsqlite3.tbd; sourceTree = SDKROOT; };
/* End PBXFileReference section */

/* Begin PBXFileSystemSynchronizedBuildFileExceptionSet section */
		60E1A2E62CE256620098C92E /* Exceptions for "ChildMonitoringApp" folder in "ChildMonitoringApp" target */ = {
			isa = PBXFileSystemSynchronizedBuildFileExceptionSet;
			membershipExceptions = (
				Info.plist,
			);
			target = 60E1A2BD2CE256600098C92E /* ChildMonitoringApp */;
		};
/* End PBXFileSystemSynchronizedBuildFileExceptionSet section */

/* Begin PBXFileSystemSynchronizedRootGroup section */
		60E1A2C02CE256600098C92E /* ChildMonitoringApp */ = {
			isa = PBXFileSystemSynchronizedRootGroup;
			exceptions = (
				60E1A2E62CE256620098C92E /* Exceptions for "ChildMonitoringApp" folder in "ChildMonitoringApp" target */,
			);
			path = ChildMonitoringApp;
			sourceTree = "<group>";
		};
		60E1A2D72CE256620098C92E /* ChildMonitoringAppTests */ = {
			isa = PBXFileSystemSynchronizedRootGroup;
			path = ChildMonitoringAppTests;
			sourceTree = "<group>";
		};
		60E1A2E12CE256620098C92E /* ChildMonitoringAppUITests */ = {
			isa = PBXFileSystemSynchronizedRootGroup;
			path = ChildMonitoringAppUITests;
			sourceTree = "<group>";
		};
/* End PBXFileSystemSynchronizedRootGroup section */

/* Begin PBXFrameworksBuildPhase section */
		60E1A2BB2CE256600098C92E /* Frameworks */ = {
			isa = PBXFrameworksBuildPhase;
			buildActionMask = 2147483647;
			files = (
				60E1A2F42CE256850098C92E /* libsqlite3.tbd in Frameworks */,
			);
			runOnlyForDeploymentPostprocessing = 0;
		};
		60E1A2D12CE256620098C92E /* Frameworks */ = {
			isa = PBXFrameworksBuildPhase;
			buildActionMask = 2147483647;
			files = (
			);
			runOnlyForDeploymentPostprocessing = 0;
		};
		60E1A2DB2CE256620098C92E /* Frameworks */ = {
			isa = PBXFrameworksBuildPhase;
			buildActionMask = 2147483647;
			files = (
			);
			runOnlyForDeploymentPostprocessing = 0;
		};
/* End PBXFrameworksBuildPhase section */

/* Begin PBXGroup section */
		60E1A2B52CE256600098C92E = {
			isa = PBXGroup;
			children = (
				60E1A2C02CE256600098C92E /* ChildMonitoringApp */,
				60E1A2D72CE256620098C92E /* ChildMonitoringAppTests */,
				60E1A2E12CE256620098C92E /* ChildMonitoringAppUITests */,
				60E1A2F22CE256850098C92E /* Frameworks */,
				60E1A2BF2CE256600098C92E /* Products */,
			);
			sourceTree = "<group>";
		};
		60E1A2BF2CE256600098C92E /* Products */ = {
			isa = PBXGroup;
			children = (
				60E1A2BE2CE256600098C92E /* ChildMonitoringApp.app */,
				60E1A2D42CE256620098C92E /* ChildMonitoringAppTests.xctest */,
				60E1A2DE2CE256620098C92E /* ChildMonitoringAppUITests.xctest */,
			);
			name = Products;
			sourceTree = "<group>";
		};
		60E1A2F22CE256850098C92E /* Frameworks */ = {
			isa = PBXGroup;
			children = (
				60E1A2F32CE256850098C92E /* libsqlite3.tbd */,
			);
			name = Frameworks;
			sourceTree = "<group>";
		};
/* End PBXGroup section */

/* Begin PBXNativeTarget section */
		60E1A2BD2CE256600098C92E /* ChildMonitoringApp */ = {
			isa = PBXNativeTarget;
			buildConfigurationList = 60E1A2E72CE256620098C92E /* Build configuration list for PBXNativeTarget "ChildMonitoringApp" */;
			buildPhases = (
				60E1A2BA2CE256600098C92E /* Sources */,
				60E1A2BB2CE256600098C92E /* Frameworks */,
				60E1A2BC2CE256600098C92E /* Resources */,
			);
			buildRules = (
			);
			dependencies = (
			);
			fileSystemSynchronizedGroups = (
				60E1A2C02CE256600098C92E /* ChildMonitoringApp */,
			);
			name = ChildMonitoringApp;
			packageProductDependencies = (
			);
			productName = ChildMonitoringApp;
			productReference = 60E1A2BE2CE256600098C92E /* ChildMonitoringApp.app */;
			productType = "com.apple.product-type.application";
		};
		60E1A2D32CE256620098C92E /* ChildMonitoringAppTests */ = {
			isa = PBXNativeTarget;
			buildConfigurationList = 60E1A2EC2CE256620098C92E /* Build configuration list for PBXNativeTarget "ChildMonitoringAppTests" */;
			buildPhases = (
				60E1A2D02CE256620098C92E /* Sources */,
				60E1A2D12CE256620098C92E /* Frameworks */,
				60E1A2D22CE256620098C92E /* Resources */,
			);
			buildRules = (
			);
			dependencies = (
				60E1A2D62CE256620098C92E /* PBXTargetDependency */,
			);
			fileSystemSynchronizedGroups = (
				60E1A2D72CE256620098C92E /* ChildMonitoringAppTests */,
			);
			name = ChildMonitoringAppTests;
			packageProductDependencies = (
			);
			productName = ChildMonitoringAppTests;
			productReference = 60E1A2D42CE256620098C92E /* ChildMonitoringAppTests.xctest */;
			productType = "com.apple.product-type.bundle.unit-test";
		};
		60E1A2DD2CE256620098C92E /* ChildMonitoringAppUITests */ = {
			isa = PBXNativeTarget;
			buildConfigurationList = 60E1A2EF2CE256620098C92E /* Build configuration list for PBXNativeTarget "ChildMonitoringAppUITests" */;
			buildPhases = (
				60E1A2DA2CE256620098C92E /* Sources */,
				60E1A2DB2CE256620098C92E /* Frameworks */,
				60E1A2DC2CE256620098C92E /* Resources */,
			);
			buildRules = (
			);
			dependencies = (
				60E1A2E02CE256620098C92E /* PBXTargetDependency */,
			);
			fileSystemSynchronizedGroups = (
				60E1A2E12CE256620098C92E /* ChildMonitoringAppUITests */,
			);
			name = ChildMonitoringAppUITests;
			packageProductDependencies = (
			);
			productName = ChildMonitoringAppUITests;
			productReference = 60E1A2DE2CE256620098C92E /* ChildMonitoringAppUITests.xctest */;
			productType = "com.apple.product-type.bundle.ui-testing";
		};
/* End PBXNativeTarget section */

/* Begin PBXProject section */
		60E1A2B62CE256600098C92E /* Project object */ = {
			isa = PBXProject;
			attributes = {
				BuildIndependentTargetsInParallel = 1;
				LastSwiftUpdateCheck = 1610;
				LastUpgradeCheck = 1610;
				TargetAttributes = {
					60E1A2BD2CE256600098C92E = {
						CreatedOnToolsVersion = 16.1;
					};
					60E1A2D32CE256620098C92E = {
						CreatedOnToolsVersion = 16.1;
						TestTargetID = 60E1A2BD2CE256600098C92E;
					};
					60E1A2DD2CE256620098C92E = {
						CreatedOnToolsVersion = 16.1;
						TestTargetID = 60E1A2BD2CE256600098C92E;
					};
				};
			};
			buildConfigurationList = 60E1A2B92CE256600098C92E /* Build configuration list for PBXProject "ChildMonitoringApp" */;
			developmentRegion = en;
			hasScannedForEncodings = 0;
			knownRegions = (
				en,
				Base,
			);
			mainGroup = 60E1A2B52CE256600098C92E;
			minimizedProjectReferenceProxies = 1;
			preferredProjectObjectVersion = 77;
			productRefGroup = 60E1A2BF2CE256600098C92E /* Products */;
			projectDirPath = "";
			projectRoot = "";
			targets = (
				60E1A2BD2CE256600098C92E /* ChildMonitoringApp */,
				60E1A2D32CE256620098C92E /* ChildMonitoringAppTests */,
				60E1A2DD2CE256620098C92E /* ChildMonitoringAppUITests */,
			);
		};
/* End PBXProject section */

/* Begin PBXResourcesBuildPhase section */
		60E1A2BC2CE256600098C92E /* Resources */ = {
			isa = PBXResourcesBuildPhase;
			buildActionMask = 2147483647;
			files = (
			);
			runOnlyForDeploymentPostprocessing = 0;
		};
		60E1A2D22CE256620098C92E /* Resources */ = {
			isa = PBXResourcesBuildPhase;
			buildActionMask = 2147483647;
			files = (
			);
			runOnlyForDeploymentPostprocessing = 0;
		};
		60E1A2DC2CE256620098C92E /* Resources */ = {
			isa = PBXResourcesBuildPhase;
			buildActionMask = 2147483647;
			files = (
			);
			runOnlyForDeploymentPostprocessing = 0;
		};
/* End PBXResourcesBuildPhase section */

/* Begin PBXSourcesBuildPhase section */
		60E1A2BA2CE256600098C92E /* Sources */ = {
			isa = PBXSourcesBuildPhase;
			buildActionMask = 2147483647;
			files = (
			);
			runOnlyForDeploymentPostprocessing = 0;
		};
		60E1A2D02CE256620098C92E /* Sources */ = {
			isa = PBXSourcesBuildPhase;
			buildActionMask = 2147483647;
			files = (
			);
			runOnlyForDeploymentPostprocessing = 0;
		};
		60E1A2DA2CE256620098C92E /* Sources */ = {
			isa = PBXSourcesBuildPhase;
			buildActionMask = 2147483647;
			files = (
			);
			runOnlyForDeploymentPostprocessing = 0;
		};
/* End PBXSourcesBuildPhase section */

/* Begin PBXTargetDependency section */
		60E1A2D62CE256620098C92E /* PBXTargetDependency */ = {
			isa = PBXTargetDependency;
			target = 60E1A2BD2CE256600098C92E /* ChildMonitoringApp */;
			targetProxy = 60E1A2D52CE256620098C92E /* PBXContainerItemProxy */;
		};
		60E1A2E02CE256620098C92E /* PBXTargetDependency */ = {
			isa = PBXTargetDependency;
			target = 60E1A2BD2CE256600098C92E /* ChildMonitoringApp */;
			targetProxy = 60E1A2DF2CE256620098C92E /* PBXContainerItemProxy */;
		};
/* End PBXTargetDependency section */

/* Begin XCBuildConfiguration section */
		60E1A2E82CE256620098C92E /* Debug */ = {
			isa = XCBuildConfiguration;
			buildSettings = {
				ASSETCATALOG_COMPILER_APPICON_NAME = AppIcon;
				ASSETCATALOG_COMPILER_GLOBAL_ACCENT_COLOR_NAME = AccentColor;
				CODE_SIGN_STYLE = Automatic;
				CURRENT_PROJECT_VERSION = 1;
				GENERATE_INFOPLIST_FILE = YES;
				INFOPLIST_FILE = ChildMonitoringApp/Info.plist;
				INFOPLIST_KEY_UIApplicationSupportsIndirectInputEvents = YES;
				INFOPLIST_KEY_UILaunchStoryboardName = LaunchScreen;
				INFOPLIST_KEY_UIMainStoryboardFile = Main;
				INFOPLIST_KEY_UISupportedInterfaceOrientations_iPad = "UIInterfaceOrientationPortrait UIInterfaceOrientationPortraitUpsideDown UIInterfaceOrientationLandscapeLeft UIInterfaceOrientationLandscapeRight";
				INFOPLIST_KEY_UISupportedInterfaceOrientations_iPhone = "UIInterfaceOrientationPortrait UIInterfaceOrientationLandscapeLeft UIInterfaceOrientationLandscapeRight";
				LD_RUNPATH_SEARCH_PATHS = (
					"$(inherited)",
					"@executable_path/Frameworks",
				);
				MARKETING_VERSION = 1.0;
				PRODUCT_BUNDLE_IDENTIFIER = nwmsu.ChildMonitoringApp;
				PRODUCT_NAME = "$(TARGET_NAME)";
				SWIFT_EMIT_LOC_STRINGS = YES;
				SWIFT_VERSION = 5.0;
				TARGETED_DEVICE_FAMILY = "1,2";
			};
			name = Debug;
		};
		60E1A2E92CE256620098C92E /* Release */ = {
			isa = XCBuildConfiguration;
			buildSettings = {
				ASSETCATALOG_COMPILER_APPICON_NAME = AppIcon;
				ASSETCATALOG_COMPILER_GLOBAL_ACCENT_COLOR_NAME = AccentColor;
				CODE_SIGN_STYLE = Automatic;
				CURRENT_PROJECT_VERSION = 1;
				GENERATE_INFOPLIST_FILE = YES;
				INFOPLIST_FILE = ChildMonitoringApp/Info.plist;
				INFOPLIST_KEY_UIApplicationSupportsIndirectInputEvents = YES;
				INFOPLIST_KEY_UILaunchStoryboardName = LaunchScreen;
				INFOPLIST_KEY_UIMainStoryboardFile = Main;
				INFOPLIST_KEY_UISupportedInterfaceOrientations_iPad = "UIInterfaceOrientationPortrait UIInterfaceOrientationPortraitUpsideDown UIInterfaceOrientationLandscapeLeft UIInterfaceOrientationLandscapeRight";
				INFOPLIST_KEY_UISupportedInterfaceOrientations_iPhone = "UIInterfaceOrientationPortrait UIInterfaceOrientationLandscapeLeft UIInterfaceOrientationLandscapeRight";
				LD_RUNPATH_SEARCH_PATHS = (
					"$(inherited)",
					"@executable_path/Frameworks",
				);
				MARKETING_VERSION = 1.0;
				PRODUCT_BUNDLE_IDENTIFIER = nwmsu.ChildMonitoringApp;
				PRODUCT_NAME = "$(TARGET_NAME)";
				SWIFT_EMIT_LOC_STRINGS = YES;
				SWIFT_VERSION = 5.0;
				TARGETED_DEVICE_FAMILY = "1,2";
			};
			name = Release;
		};
		60E1A2EA2CE256620098C92E /* Debug */ = {
			isa = XCBuildConfiguration;
			buildSettings = {
				ALWAYS_SEARCH_USER_PATHS = NO;
				ASSETCATALOG_COMPILER_GENERATE_SWIFT_ASSET_SYMBOL_EXTENSIONS = YES;
				CLANG_ANALYZER_NONNULL = YES;
				CLANG_ANALYZER_NUMBER_OBJECT_CONVERSION = YES_AGGRESSIVE;
				CLANG_CXX_LANGUAGE_STANDARD = "gnu++20";
				CLANG_ENABLE_MODULES = YES;
				CLANG_ENABLE_OBJC_ARC = YES;
				CLANG_ENABLE_OBJC_WEAK = YES;
				CLANG_WARN_BLOCK_CAPTURE_AUTORELEASING = YES;
				CLANG_WARN_BOOL_CONVERSION = YES;
				CLANG_WARN_COMMA = YES;
				CLANG_WARN_CONSTANT_CONVERSION = YES;
				CLANG_WARN_DEPRECATED_OBJC_IMPLEMENTATIONS = YES;
				CLANG_WARN_DIRECT_OBJC_ISA_USAGE = YES_ERROR;
				CLANG_WARN_DOCUMENTATION_COMMENTS = YES;
				CLANG_WARN_EMPTY_BODY = YES;
				CLANG_WARN_ENUM_CONVERSION = YES;
				CLANG_WARN_INFINITE_RECURSION = YES;
				CLANG_WARN_INT_CONVERSION = YES;
				CLANG_WARN_NON_LITERAL_NULL_CONVERSION = YES;
				CLANG_WARN_OBJC_IMPLICIT_RETAIN_SELF = YES;
				CLANG_WARN_OBJC_LITERAL_CONVERSION = YES;
				CLANG_WARN_OBJC_ROOT_CLASS = YES_ERROR;
				CLANG_WARN_QUOTED_INCLUDE_IN_FRAMEWORK_HEADER = YES;
				CLANG_WARN_RANGE_LOOP_ANALYSIS = YES;
				CLANG_WARN_STRICT_PROTOTYPES = YES;
				CLANG_WARN_SUSPICIOUS_MOVE = YES;
				CLANG_WARN_UNGUARDED_AVAILABILITY = YES_AGGRESSIVE;
				CLANG_WARN_UNREACHABLE_CODE = YES;
				CLANG_WARN__DUPLICATE_METHOD_MATCH = YES;
				COPY_PHASE_STRIP = NO;
				DEBUG_INFORMATION_FORMAT = dwarf;
				ENABLE_STRICT_OBJC_MSGSEND = YES;
				ENABLE_TESTABILITY = YES;
				ENABLE_USER_SCRIPT_SANDBOXING = YES;
				GCC_C_LANGUAGE_STANDARD = gnu17;
				GCC_DYNAMIC_NO_PIC = NO;
				GCC_NO_COMMON_BLOCKS = YES;
				GCC_OPTIMIZATION_LEVEL = 0;
				GCC_PREPROCESSOR_DEFINITIONS = (
					"DEBUG=1",
					"$(inherited)",
				);
				GCC_WARN_64_TO_32_BIT_CONVERSION = YES;
				GCC_WARN_ABOUT_RETURN_TYPE = YES_ERROR;
				GCC_WARN_UNDECLARED_SELECTOR = YES;
				GCC_WARN_UNINITIALIZED_AUTOS = YES_AGGRESSIVE;
				GCC_WARN_UNUSED_FUNCTION = YES;
				GCC_WARN_UNUSED_VARIABLE = YES;
				IPHONEOS_DEPLOYMENT_TARGET = 18.1;
				LOCALIZATION_PREFERS_STRING_CATALOGS = YES;
				MTL_ENABLE_DEBUG_INFO = INCLUDE_SOURCE;
				MTL_FAST_MATH = YES;
				ONLY_ACTIVE_ARCH = YES;
				SDKROOT = iphoneos;
				SWIFT_ACTIVE_COMPILATION_CONDITIONS = "DEBUG $(inherited)";
				SWIFT_OPTIMIZATION_LEVEL = "-Onone";
			};
			name = Debug;
		};
		60E1A2EB2CE256620098C92E /* Release */ = {
			isa = XCBuildConfiguration;
			buildSettings = {
				ALWAYS_SEARCH_USER_PATHS = NO;
				ASSETCATALOG_COMPILER_GENERATE_SWIFT_ASSET_SYMBOL_EXTENSIONS = YES;
				CLANG_ANALYZER_NONNULL = YES;
				CLANG_ANALYZER_NUMBER_OBJECT_CONVERSION = YES_AGGRESSIVE;
				CLANG_CXX_LANGUAGE_STANDARD = "gnu++20";
				CLANG_ENABLE_MODULES = YES;
				CLANG_ENABLE_OBJC_ARC = YES;
				CLANG_ENABLE_OBJC_WEAK = YES;
				CLANG_WARN_BLOCK_CAPTURE_AUTORELEASING = YES;
				CLANG_WARN_BOOL_CONVERSION = YES;
				CLANG_WARN_COMMA = YES;
				CLANG_WARN_CONSTANT_CONVERSION = YES;
				CLANG_WARN_DEPRECATED_OBJC_IMPLEMENTATIONS = YES;
				CLANG_WARN_DIRECT_OBJC_ISA_USAGE = YES_ERROR;
				CLANG_WARN_DOCUMENTATION_COMMENTS = YES;
				CLANG_WARN_EMPTY_BODY = YES;
				CLANG_WARN_ENUM_CONVERSION = YES;
				CLANG_WARN_INFINITE_RECURSION = YES;
				CLANG_WARN_INT_CONVERSION = YES;
				CLANG_WARN_NON_LITERAL_NULL_CONVERSION = YES;
				CLANG_WARN_OBJC_IMPLICIT_RETAIN_SELF = YES;
				CLANG_WARN_OBJC_LITERAL_CONVERSION = YES;
				CLANG_WARN_OBJC_ROOT_CLASS = YES_ERROR;
				CLANG_WARN_QUOTED_INCLUDE_IN_FRAMEWORK_HEADER = YES;
				CLANG_WARN_RANGE_LOOP_ANALYSIS = YES;
				CLANG_WARN_STRICT_PROTOTYPES = YES;
				CLANG_WARN_SUSPICIOUS_MOVE = YES;
				CLANG_WARN_UNGUARDED_AVAILABILITY = YES_AGGRESSIVE;
				CLANG_WARN_UNREACHABLE_CODE = YES;
				CLANG_WARN__DUPLICATE_METHOD_MATCH = YES;
				COPY_PHASE_STRIP = NO;
				DEBUG_INFORMATION_FORMAT = "dwarf-with-dsym";
				ENABLE_NS_ASSERTIONS = NO;
				ENABLE_STRICT_OBJC_MSGSEND = YES;
				ENABLE_USER_SCRIPT_SANDBOXING = YES;
				GCC_C_LANGUAGE_STANDARD = gnu17;
				GCC_NO_COMMON_BLOCKS = YES;
				GCC_WARN_64_TO_32_BIT_CONVERSION = YES;
				GCC_WARN_ABOUT_RETURN_TYPE = YES_ERROR;
				GCC_WARN_UNDECLARED_SELECTOR = YES;
				GCC_WARN_UNINITIALIZED_AUTOS = YES_AGGRESSIVE;
				GCC_WARN_UNUSED_FUNCTION = YES;
				GCC_WARN_UNUSED_VARIABLE = YES;
				IPHONEOS_DEPLOYMENT_TARGET = 18.1;
				LOCALIZATION_PREFERS_STRING_CATALOGS = YES;
				MTL_ENABLE_DEBUG_INFO = NO;
				MTL_FAST_MATH = YES;
				SDKROOT = iphoneos;
				SWIFT_COMPILATION_MODE = wholemodule;
				VALIDATE_PRODUCT = YES;
			};
			name = Release;
		};
		60E1A2ED2CE256620098C92E /* Debug */ = {
			isa = XCBuildConfiguration;
			buildSettings = {
				BUNDLE_LOADER = "$(TEST_HOST)";
				CODE_SIGN_STYLE = Automatic;
				CURRENT_PROJECT_VERSION = 1;
				GENERATE_INFOPLIST_FILE = YES;
				IPHONEOS_DEPLOYMENT_TARGET = 18.1;
				MARKETING_VERSION = 1.0;
				PRODUCT_BUNDLE_IDENTIFIER = nwmsu.ChildMonitoringAppTests;
				PRODUCT_NAME = "$(TARGET_NAME)";
				SWIFT_EMIT_LOC_STRINGS = NO;
				SWIFT_VERSION = 5.0;
				TARGETED_DEVICE_FAMILY = "1,2";
				TEST_HOST = "$(BUILT_PRODUCTS_DIR)/ChildMonitoringApp.app/$(BUNDLE_EXECUTABLE_FOLDER_PATH)/ChildMonitoringApp";
			};
			name = Debug;
		};
		60E1A2EE2CE256620098C92E /* Release */ = {
			isa = XCBuildConfiguration;
			buildSettings = {
				BUNDLE_LOADER = "$(TEST_HOST)";
				CODE_SIGN_STYLE = Automatic;
				CURRENT_PROJECT_VERSION = 1;
				GENERATE_INFOPLIST_FILE = YES;
				IPHONEOS_DEPLOYMENT_TARGET = 18.1;
				MARKETING_VERSION = 1.0;
				PRODUCT_BUNDLE_IDENTIFIER = nwmsu.ChildMonitoringAppTests;
				PRODUCT_NAME = "$(TARGET_NAME)";
				SWIFT_EMIT_LOC_STRINGS = NO;
				SWIFT_VERSION = 5.0;
				TARGETED_DEVICE_FAMILY = "1,2";
				TEST_HOST = "$(BUILT_PRODUCTS_DIR)/ChildMonitoringApp.app/$(BUNDLE_EXECUTABLE_FOLDER_PATH)/ChildMonitoringApp";
			};
			name = Release;
		};
		60E1A2F02CE256620098C92E /* Debug */ = {
			isa = XCBuildConfiguration;
			buildSettings = {
				CODE_SIGN_STYLE = Automatic;
				CURRENT_PROJECT_VERSION = 1;
				GENERATE_INFOPLIST_FILE = YES;
				MARKETING_VERSION = 1.0;
				PRODUCT_BUNDLE_IDENTIFIER = nwmsu.ChildMonitoringAppUITests;
				PRODUCT_NAME = "$(TARGET_NAME)";
				SWIFT_EMIT_LOC_STRINGS = NO;
				SWIFT_VERSION = 5.0;
				TARGETED_DEVICE_FAMILY = "1,2";
				TEST_TARGET_NAME = ChildMonitoringApp;
			};
			name = Debug;
		};
		60E1A2F12CE256620098C92E /* Release */ = {
			isa = XCBuildConfiguration;
			buildSettings = {
				CODE_SIGN_STYLE = Automatic;
				CURRENT_PROJECT_VERSION = 1;
				GENERATE_INFOPLIST_FILE = YES;
				MARKETING_VERSION = 1.0;
				PRODUCT_BUNDLE_IDENTIFIER = nwmsu.ChildMonitoringAppUITests;
				PRODUCT_NAME = "$(TARGET_NAME)";
				SWIFT_EMIT_LOC_STRINGS = NO;
				SWIFT_VERSION = 5.0;
				TARGETED_DEVICE_FAMILY = "1,2";
				TEST_TARGET_NAME = ChildMonitoringApp;
			};
			name = Release;
		};
/* End XCBuildConfiguration section */

/* Begin XCConfigurationList section */
		60E1A2B92CE256600098C92E /* Build configuration list for PBXProject "ChildMonitoringApp" */ = {
			isa = XCConfigurationList;
			buildConfigurations = (
				60E1A2EA2CE256620098C92E /* Debug */,
				60E1A2EB2CE256620098C92E /* Release */,
			);
			defaultConfigurationIsVisible = 0;
			defaultConfigurationName = Release;
		};
		60E1A2E72CE256620098C92E /* Build configuration list for PBXNativeTarget "ChildMonitoringApp" */ = {
			isa = XCConfigurationList;
			buildConfigurations = (
				60E1A2E82CE256620098C92E /* Debug */,
				60E1A2E92CE256620098C92E /* Release */,
			);
			defaultConfigurationIsVisible = 0;
			defaultConfigurationName = Release;
		};
		60E1A2EC2CE256620098C92E /* Build configuration list for PBXNativeTarget "ChildMonitoringAppTests" */ = {
			isa = XCConfigurationList;
			buildConfigurations = (
				60E1A2ED2CE256620098C92E /* Debug */,
				60E1A2EE2CE256620098C92E /* Release */,
			);
			defaultConfigurationIsVisible = 0;
			defaultConfigurationName = Release;
		};
		60E1A2EF2CE256620098C92E /* Build configuration list for PBXNativeTarget "ChildMonitoringAppUITests" */ = {
			isa = XCConfigurationList;
			buildConfigurations = (
				60E1A2F02CE256620098C92E /* Debug */,
				60E1A2F12CE256620098C92E /* Release */,
			);
			defaultConfigurationIsVisible = 0;
			defaultConfigurationName = Release;
		};
/* End XCConfigurationList section */
	};
	rootObject = 60E1A2B62CE256600098C92E /* Project object */;
}
